
Microsoft Visual Studio Solution File, Format Version 12.00
# Visual Studio Version 17
VisualStudioVersion = 17.9.34622.214
MinimumVisualStudioVersion = 10.0.40219.1
Project("{FAE04EC0-301F-11D3-BF4B-00C04F79EFBC}") = "tugaslatihan", "tugaslatihan\tugaslatihan.csproj", "{213534B1-6060-4310-85CE-0BDE24716C62}"
EndProject
Global
	GlobalSection(SolutionConfigurationPlatforms) = preSolution
		Debug|Any CPU = Debug|Any CPU
		Release|Any CPU = Release|Any CPU
	EndGlobalSection
	GlobalSection(ProjectConfigurationPlatforms) = postSolution
		{213534B1-6060-4310-85CE-0BDE24716C62}.Debug|Any CPU.ActiveCfg = Debug|Any CPU
		{213534B1-6060-4310-85CE-0BDE24716C62}.Debug|Any CPU.Build.0 = Debug|Any CPU
		{213534B1-6060-4310-85CE-0BDE24716C62}.Release|Any CPU.ActiveCfg = Release|Any CPU
		{213534B1-6060-4310-85CE-0BDE24716C62}.Release|Any CPU.Build.0 = Release|Any CPU
	EndGlobalSection
	GlobalSection(SolutionProperties) = preSolution
		HideSolutionNode = FALSE
	EndGlobalSection
	GlobalSection(ExtensibilityGlobals) = postSolution
		SolutionGuid = {A9EB11C4-EB41-47FD-8DF3-68C8DBE5C75B}
	EndGlobalSection
EndGlobal
